{
  "name": "agent-feed-playwright-tests",
  "version": "1.0.0",
  "lockfileVersion": 3,
  "requires": true,
  "packages": {
    "": {
      "name": "agent-feed-playwright-tests",
      "version": "1.0.0",
      "hasInstallScript": true,
      "license": "ISC",
      "devDependencies": {
        "@playwright/test": "^1.55.0",
        "@types/eventsource": "^3.0.0",
        "eventsource": "^4.0.0",
        "playwright": "^1.55.0"
      }
    },
    "node_modules/@playwright/test": {
      "version": "1.55.0",
      "resolved": "https://registry.npmjs.org/@playwright/test/-/test-1.55.0.tgz",
      "integrity": "sha512-04IXzPwHrW69XusN/SIdDdKZBzMfOT9UNT/YiJit/xpy2VuAoB8NHc8Aplb96zsWDddLnbkPL3TsmrS04ZU2xQ==",
      "dev": true,
      "dependencies": {
        "playwright": "1.55.0"
      },
      "bin": {
        "playwright": "cli.js"
      },
      "engines": {
        "node": ">=18"
      }
    },
    "node_modules/@types/eventsource": {
      "version": "3.0.0",
      "resolved": "https://registry.npmjs.org/@types/eventsource/-/eventsource-3.0.0.tgz",
      "integrity": "sha512-yEhFj31FTD29DtNeqePu+A+lD6loRef6YOM5XfN1kUwBHyy2DySGlA3jJU+FbQSkrfmlBVluf2Dub/OyReFGKA==",
      "deprecated": "This is a stub types definition. eventsource provides its own type definitions, so you do not need this installed.",
      "dev": true,
      "dependencies": {
        "eventsource": "*"
      }
    },
    "node_modules/eventsource": {
      "version": "4.0.0",
      "resolved": "https://registry.npmjs.org/eventsource/-/eventsource-4.0.0.tgz",
      "integrity": "sha512-fvIkb9qZzdMxgZrEQDyll+9oJsyaVvY92I2Re+qK0qEJ+w5s0X3dtz+M0VAPOjP1gtU3iqWyjQ0G3nvd5CLZ2g==",
      "dev": true,
      "dependencies": {
        "eventsource-parser": "^3.0.1"
      },
      "engines": {
        "node": ">=20.0.0"
      }
    },
    "node_modules/eventsource-parser": {
      "version": "3.0.5",
      "resolved": "https://registry.npmjs.org/eventsource-parser/-/eventsource-parser-3.0.5.tgz",
      "integrity": "sha512-bSRG85ZrMdmWtm7qkF9He9TNRzc/Bm99gEJMaQoHJ9E6Kv9QBbsldh2oMj7iXmYNEAVvNgvv5vPorG6W+XtBhQ==",
      "dev": true,
      "engines": {
        "node": ">=20.0.0"
      }
    },
    "node_modules/fsevents": {
      "version": "2.3.2",
      "resolved": "https://registry.npmjs.org/fsevents/-/fsevents-2.3.2.tgz",
      "integrity": "sha512-xiqMQR4xAeHTuB9uWm+fFRcIOgKBMiOBP+eXiyT7jsgVCq1bkVygt00oASowB7EdtpOHaaPgKt812P9ab+DDKA==",
      "dev": true,
      "hasInstallScript": true,
      "optional": true,
      "os": [
        "darwin"
      ],
      "engines": {
        "node": "^8.16.0 || ^10.6.0 || >=11.0.0"
      }
    },
    "node_modules/playwright": {
      "version": "1.55.0",
      "resolved": "https://registry.npmjs.org/playwright/-/playwright-1.55.0.tgz",
      "integrity": "sha512-sdCWStblvV1YU909Xqx0DhOjPZE4/5lJsIS84IfN9dAZfcl/CIZ5O8l3o0j7hPMjDvqoTF8ZUcc+i/GL5erstA==",
      "dev": true,
      "dependencies": {
        "playwright-core": "1.55.0"
      },
      "bin": {
        "playwright": "cli.js"
      },
      "engines": {
        "node": ">=18"
      },
      "optionalDependencies": {
        "fsevents": "2.3.2"
      }
    },
    "node_modules/playwright-core": {
      "version": "1.55.0",
      "resolved": "https://registry.npmjs.org/playwright-core/-/playwright-core-1.55.0.tgz",
      "integrity": "sha512-GvZs4vU3U5ro2nZpeiwyb0zuFaqb9sUiAJuyrWpcGouD8y9/HLgGbNRjIph7zU9D3hnPaisMl9zG9CgFi/biIg==",
      "dev": true,
      "bin": {
        "playwright-core": "cli.js"
      },
      "engines": {
        "node": ">=18"
      }
    }
  }
}
